
Microsoft Visual Studio Solution File, Format Version 12.00
# Visual Studio Version 17
VisualStudioVersion = 17.14.36518.9 d17.14
MinimumVisualStudioVersion = 10.0.40219.1
Project("{FAE04EC0-301F-11D3-BF4B-00C04F79EFBC}") = "LeastCostMethodApp", "LeastCostMethodApp\LeastCostMethodApp.csproj", "{85FC8193-D8BD-428A-AAD5-4C191843ABBA}"
EndProject
Global
	GlobalSection(SolutionConfigurationPlatforms) = preSolution
		Debug|Any CPU = Debug|Any CPU
		Release|Any CPU = Release|Any CPU
	EndGlobalSection
	GlobalSection(ProjectConfigurationPlatforms) = postSolution
		{85FC8193-D8BD-428A-AAD5-4C191843ABBA}.Debug|Any CPU.ActiveCfg = Debug|Any CPU
		{85FC8193-D8BD-428A-AAD5-4C191843ABBA}.Debug|Any CPU.Build.0 = Debug|Any CPU
		{85FC8193-D8BD-428A-AAD5-4C191843ABBA}.Release|Any CPU.ActiveCfg = Release|Any CPU
		{85FC8193-D8BD-428A-AAD5-4C191843ABBA}.Release|Any CPU.Build.0 = Release|Any CPU
	EndGlobalSection
	GlobalSection(SolutionProperties) = preSolution
		HideSolutionNode = FALSE
	EndGlobalSection
	GlobalSection(ExtensibilityGlobals) = postSolution
		SolutionGuid = {496EAFBF-DB5A-4B0D-99F9-6ADD0BEA1161}
	EndGlobalSection
EndGlobal
